// !$*UTF8*$!
{
	archiveVersion = 1;
	classes = {
	};
	objectVersion = 55;
	objects = {

/* Begin PBXBuildFile section */
		0728F3150C95D5230F4BCF59 /* Pods_CustomCell.framework in Frameworks */ = {isa = PBXBuildFile; fileRef = E93C8EEC28FD68B3AC0CDB2C /* Pods_CustomCell.framework */; };
		1C0198892743957E00F5C603 /* NetworkManager.swift in Sources */ = {isa = PBXBuildFile; fileRef = 1C0198882743957E00F5C603 /* NetworkManager.swift */; };
		1C01988B27440B9700F5C603 /* StorageManager.swift in Sources */ = {isa = PBXBuildFile; fileRef = 1C01988A27440B9700F5C603 /* StorageManager.swift */; };
		1C0C750C273BC9E1005E50E7 /* LoginViewController.swift in Sources */ = {isa = PBXBuildFile; fileRef = 1C0C750B273BC9E1005E50E7 /* LoginViewController.swift */; };
		1C0C750E273BCF41005E50E7 /* RegistrationViewController.swift in Sources */ = {isa = PBXBuildFile; fileRef = 1C0C750D273BCF41005E50E7 /* RegistrationViewController.swift */; };
		1C0D7C35274672A70020163E /* ChatAppUser.swift in Sources */ = {isa = PBXBuildFile; fileRef = 1C0D7C34274672A70020163E /* ChatAppUser.swift */; };
		1C282532273CD91A001EE811 /* InputContainerView.swift in Sources */ = {isa = PBXBuildFile; fileRef = 1C282531273CD91A001EE811 /* InputContainerView.swift */; };
		1C282534273CD930001EE811 /* CustomTextfield.swift in Sources */ = {isa = PBXBuildFile; fileRef = 1C282533273CD930001EE811 /* CustomTextfield.swift */; };
		1C282537273D387B001EE811 /* CustomLabel.swift in Sources */ = {isa = PBXBuildFile; fileRef = 1C282536273D387B001EE811 /* CustomLabel.swift */; };
		1CCA4CE5274B578C00B2C4DD /* Protocols.swift in Sources */ = {isa = PBXBuildFile; fileRef = 1CCA4CE4274B578C00B2C4DD /* Protocols.swift */; };
		1CD11C572755E5DA00CA49F5 /* CutomInputAccessoryView.swift in Sources */ = {isa = PBXBuildFile; fileRef = 1CD11C562755E5DA00CA49F5 /* CutomInputAccessoryView.swift */; };
		1CD730A12744E29900531CEA /* MessageViewController.swift in Sources */ = {isa = PBXBuildFile; fileRef = 1CD730A02744E29900531CEA /* MessageViewController.swift */; };
		1CD730A52745689400531CEA /* MessageTableViewCell.swift in Sources */ = {isa = PBXBuildFile; fileRef = 1CD730A42745689400531CEA /* MessageTableViewCell.swift */; };
		1CDAA1002742183000394D19 /* Extension.swift in Sources */ = {isa = PBXBuildFile; fileRef = 1CDAA0FF2742183000394D19 /* Extension.swift */; };
		1CDAA1032742320200394D19 /* Constants.swift in Sources */ = {isa = PBXBuildFile; fileRef = 1CDAA1022742320200394D19 /* Constants.swift */; };
		1CDAA10527425C4800394D19 /* VideoPlayerViewController.swift in Sources */ = {isa = PBXBuildFile; fileRef = 1CDAA10427425C4800394D19 /* VideoPlayerViewController.swift */; };
		1CDAA10727425C6B00394D19 /* NewConversationViewController.swift in Sources */ = {isa = PBXBuildFile; fileRef = 1CDAA10627425C6B00394D19 /* NewConversationViewController.swift */; };
		1CDAA10927425C7B00394D19 /* ProfileViewController.swift in Sources */ = {isa = PBXBuildFile; fileRef = 1CDAA10827425C7B00394D19 /* ProfileViewController.swift */; };
		1CDAA10E27429BB600394D19 /* GoogleService-Info.plist in Resources */ = {isa = PBXBuildFile; fileRef = 1CDAA10D27429BB600394D19 /* GoogleService-Info.plist */; };
		1CF46FD0273A781300945374 /* AppDelegate.swift in Sources */ = {isa = PBXBuildFile; fileRef = 1CF46FCF273A781300945374 /* AppDelegate.swift */; };
		1CF46FD2273A781300945374 /* SceneDelegate.swift in Sources */ = {isa = PBXBuildFile; fileRef = 1CF46FD1273A781300945374 /* SceneDelegate.swift */; };
		1CF46FD4273A781300945374 /* PhotoViewerViewController.swift in Sources */ = {isa = PBXBuildFile; fileRef = 1CF46FD3273A781300945374 /* PhotoViewerViewController.swift */; };
		1CF46FD7273A781300945374 /* Main.storyboard in Resources */ = {isa = PBXBuildFile; fileRef = 1CF46FD5273A781300945374 /* Main.storyboard */; };
		1CF46FD9273A781700945374 /* Assets.xcassets in Resources */ = {isa = PBXBuildFile; fileRef = 1CF46FD8273A781700945374 /* Assets.xcassets */; };
		1CF46FDC273A781700945374 /* LaunchScreen.storyboard in Resources */ = {isa = PBXBuildFile; fileRef = 1CF46FDA273A781700945374 /* LaunchScreen.storyboard */; };
		1CF46FE4273A785600945374 /* ConversationsViewController.swift in Sources */ = {isa = PBXBuildFile; fileRef = 1CF46FE3273A785600945374 /* ConversationsViewController.swift */; };
		1CF46FE6273A815100945374 /* ConversationCell.swift in Sources */ = {isa = PBXBuildFile; fileRef = 1CF46FE5273A815100945374 /* ConversationCell.swift */; };
		1CFB61612747540D00BCC7CD /* ChatMessage.swift in Sources */ = {isa = PBXBuildFile; fileRef = 1CFB61602747540D00BCC7CD /* ChatMessage.swift */; };
		1CFB6164274A978E00BCC7CD /* Chats.swift in Sources */ = {isa = PBXBuildFile; fileRef = 1CFB6163274A978E00BCC7CD /* Chats.swift */; };
/* End PBXBuildFile section */

/* Begin PBXFileReference section */
		1C0198882743957E00F5C603 /* NetworkManager.swift */ = {isa = PBXFileReference; lastKnownFileType = sourcecode.swift; path = NetworkManager.swift; sourceTree = "<group>"; };
		1C01988A27440B9700F5C603 /* StorageManager.swift */ = {isa = PBXFileReference; lastKnownFileType = sourcecode.swift; path = StorageManager.swift; sourceTree = "<group>"; };
		1C0C750B273BC9E1005E50E7 /* LoginViewController.swift */ = {isa = PBXFileReference; lastKnownFileType = sourcecode.swift; path = LoginViewController.swift; sourceTree = "<group>"; };
		1C0C750D273BCF41005E50E7 /* RegistrationViewController.swift */ = {isa = PBXFileReference; lastKnownFileType = sourcecode.swift; path = RegistrationViewController.swift; sourceTree = "<group>"; };
		1C0D7C34274672A70020163E /* ChatAppUser.swift */ = {isa = PBXFileReference; lastKnownFileType = sourcecode.swift; path = ChatAppUser.swift; sourceTree = "<group>"; };
		1C282531273CD91A001EE811 /* InputContainerView.swift */ = {isa = PBXFileReference; lastKnownFileType = sourcecode.swift; path = InputContainerView.swift; sourceTree = "<group>"; };
		1C282533273CD930001EE811 /* CustomTextfield.swift */ = {isa = PBXFileReference; lastKnownFileType = sourcecode.swift; path = CustomTextfield.swift; sourceTree = "<group>"; };
		1C282536273D387B001EE811 /* CustomLabel.swift */ = {isa = PBXFileReference; lastKnownFileType = sourcecode.swift; path = CustomLabel.swift; sourceTree = "<group>"; };
		1CCA4CE4274B578C00B2C4DD /* Protocols.swift */ = {isa = PBXFileReference; lastKnownFileType = sourcecode.swift; path = Protocols.swift; sourceTree = "<group>"; };
		1CD11C562755E5DA00CA49F5 /* CutomInputAccessoryView.swift */ = {isa = PBXFileReference; lastKnownFileType = sourcecode.swift; path = CutomInputAccessoryView.swift; sourceTree = "<group>"; };
		1CD730A02744E29900531CEA /* MessageViewController.swift */ = {isa = PBXFileReference; lastKnownFileType = sourcecode.swift; path = MessageViewController.swift; sourceTree = "<group>"; };
		1CD730A42745689400531CEA /* MessageTableViewCell.swift */ = {isa = PBXFileReference; lastKnownFileType = sourcecode.swift; path = MessageTableViewCell.swift; sourceTree = "<group>"; };
		1CDAA0FF2742183000394D19 /* Extension.swift */ = {isa = PBXFileReference; lastKnownFileType = sourcecode.swift; path = Extension.swift; sourceTree = "<group>"; };
		1CDAA1022742320200394D19 /* Constants.swift */ = {isa = PBXFileReference; lastKnownFileType = sourcecode.swift; path = Constants.swift; sourceTree = "<group>"; };
		1CDAA10427425C4800394D19 /* VideoPlayerViewController.swift */ = {isa = PBXFileReference; lastKnownFileType = sourcecode.swift; path = VideoPlayerViewController.swift; sourceTree = "<group>"; };
		1CDAA10627425C6B00394D19 /* NewConversationViewController.swift */ = {isa = PBXFileReference; lastKnownFileType = sourcecode.swift; path = NewConversationViewController.swift; sourceTree = "<group>"; };
		1CDAA10827425C7B00394D19 /* ProfileViewController.swift */ = {isa = PBXFileReference; lastKnownFileType = sourcecode.swift; path = ProfileViewController.swift; sourceTree = "<group>"; };
		1CDAA10D27429BB600394D19 /* GoogleService-Info.plist */ = {isa = PBXFileReference; fileEncoding = 4; lastKnownFileType = text.plist.xml; path = "GoogleService-Info.plist"; sourceTree = "<group>"; };
		1CF46FCC273A781300945374 /* CustomCell.app */ = {isa = PBXFileReference; explicitFileType = wrapper.application; includeInIndex = 0; path = CustomCell.app; sourceTree = BUILT_PRODUCTS_DIR; };
		1CF46FCF273A781300945374 /* AppDelegate.swift */ = {isa = PBXFileReference; lastKnownFileType = sourcecode.swift; path = AppDelegate.swift; sourceTree = "<group>"; };
		1CF46FD1273A781300945374 /* SceneDelegate.swift */ = {isa = PBXFileReference; lastKnownFileType = sourcecode.swift; path = SceneDelegate.swift; sourceTree = "<group>"; };
		1CF46FD3273A781300945374 /* PhotoViewerViewController.swift */ = {isa = PBXFileReference; lastKnownFileType = sourcecode.swift; path = PhotoViewerViewController.swift; sourceTree = "<group>"; };
		1CF46FD6273A781300945374 /* Base */ = {isa = PBXFileReference; lastKnownFileType = file.storyboard; name = Base; path = Base.lproj/Main.storyboard; sourceTree = "<group>"; };
		1CF46FD8273A781700945374 /* Assets.xcassets */ = {isa = PBXFileReference; lastKnownFileType = folder.assetcatalog; path = Assets.xcassets; sourceTree = "<group>"; };
		1CF46FDB273A781700945374 /* Base */ = {isa = PBXFileReference; lastKnownFileType = file.storyboard; name = Base; path = Base.lproj/LaunchScreen.storyboard; sourceTree = "<group>"; };
		1CF46FDD273A781700945374 /* Info.plist */ = {isa = PBXFileReference; lastKnownFileType = text.plist.xml; path = Info.plist; sourceTree = "<group>"; };
		1CF46FE3273A785600945374 /* ConversationsViewController.swift */ = {isa = PBXFileReference; lastKnownFileType = sourcecode.swift; path = ConversationsViewController.swift; sourceTree = "<group>"; };
		1CF46FE5273A815100945374 /* ConversationCell.swift */ = {isa = PBXFileReference; lastKnownFileType = sourcecode.swift; path = ConversationCell.swift; sourceTree = "<group>"; };
		1CFB61602747540D00BCC7CD /* ChatMessage.swift */ = {isa = PBXFileReference; lastKnownFileType = sourcecode.swift; path = ChatMessage.swift; sourceTree = "<group>"; };
		1CFB6163274A978E00BCC7CD /* Chats.swift */ = {isa = PBXFileReference; lastKnownFileType = sourcecode.swift; path = Chats.swift; sourceTree = "<group>"; };
		438EE150EC326D5D2BC47353 /* Pods-CustomCell.debug.xcconfig */ = {isa = PBXFileReference; includeInIndex = 1; lastKnownFileType = text.xcconfig; name = "Pods-CustomCell.debug.xcconfig"; path = "Target Support Files/Pods-CustomCell/Pods-CustomCell.debug.xcconfig"; sourceTree = "<group>"; };
		CB42E6D046140A5DD38F93A3 /* Pods-CustomCell.release.xcconfig */ = {isa = PBXFileReference; includeInIndex = 1; lastKnownFileType = text.xcconfig; name = "Pods-CustomCell.release.xcconfig"; path = "Target Support Files/Pods-CustomCell/Pods-CustomCell.release.xcconfig"; sourceTree = "<group>"; };
		E93C8EEC28FD68B3AC0CDB2C /* Pods_CustomCell.framework */ = {isa = PBXFileReference; explicitFileType = wrapper.framework; includeInIndex = 0; path = Pods_CustomCell.framework; sourceTree = BUILT_PRODUCTS_DIR; };
/* End PBXFileReference section */

/* Begin PBXFrameworksBuildPhase section */
		1CF46FC9273A781300945374 /* Frameworks */ = {
			isa = PBXFrameworksBuildPhase;
			buildActionMask = 2147483647;
			files = (
				0728F3150C95D5230F4BCF59 /* Pods_CustomCell.framework in Frameworks */,
			);
			runOnlyForDeploymentPostprocessing = 0;
		};
/* End PBXFrameworksBuildPhase section */

/* Begin PBXGroup section */
		1C0C750F273BD49F005E50E7 /* Controllers */ = {
			isa = PBXGroup;
			children = (
				1CF46FE3273A785600945374 /* ConversationsViewController.swift */,
				1CDAA10827425C7B00394D19 /* ProfileViewController.swift */,
				1CDAA10627425C6B00394D19 /* NewConversationViewController.swift */,
				1CD730A02744E29900531CEA /* MessageViewController.swift */,
				1CDAA10A27425DDA00394D19 /* Login+SignUp */,
				1CDAA10427425C4800394D19 /* VideoPlayerViewController.swift */,
				1CF46FD3273A781300945374 /* PhotoViewerViewController.swift */,
			);
			path = Controllers;
			sourceTree = "<group>";
		};
		1C0D7C36274672AE0020163E /* Models */ = {
			isa = PBXGroup;
			children = (
				1C0D7C34274672A70020163E /* ChatAppUser.swift */,
				1CFB61602747540D00BCC7CD /* ChatMessage.swift */,
				1CFB6163274A978E00BCC7CD /* Chats.swift */,
			);
			path = Models;
			sourceTree = "<group>";
		};
		1C282535273CFAC9001EE811 /* Custom */ = {
			isa = PBXGroup;
			children = (
				1C282531273CD91A001EE811 /* InputContainerView.swift */,
				1C282533273CD930001EE811 /* CustomTextfield.swift */,
				1C282536273D387B001EE811 /* CustomLabel.swift */,
				1CD11C562755E5DA00CA49F5 /* CutomInputAccessoryView.swift */,
			);
			path = Custom;
			sourceTree = "<group>";
		};
		1CDAA101274231C200394D19 /* Resources */ = {
			isa = PBXGroup;
			children = (
				1CF46FCF273A781300945374 /* AppDelegate.swift */,
				1CF46FD1273A781300945374 /* SceneDelegate.swift */,
				1CDAA0FF2742183000394D19 /* Extension.swift */,
				1CDAA1022742320200394D19 /* Constants.swift */,
				1CCA4CE4274B578C00B2C4DD /* Protocols.swift */,
			);
			path = Resources;
			sourceTree = "<group>";
		};
		1CDAA10A27425DDA00394D19 /* Login+SignUp */ = {
			isa = PBXGroup;
			children = (
				1C0C750B273BC9E1005E50E7 /* LoginViewController.swift */,
				1C0C750D273BCF41005E50E7 /* RegistrationViewController.swift */,
			);
			path = "Login+SignUp";
			sourceTree = "<group>";
		};
		1CDAA1112742ABDE00394D19 /* API */ = {
			isa = PBXGroup;
			children = (
				1C0198882743957E00F5C603 /* NetworkManager.swift */,
				1C01988A27440B9700F5C603 /* StorageManager.swift */,
			);
			path = API;
			sourceTree = "<group>";
		};
		1CF46FC3273A781300945374 = {
			isa = PBXGroup;
			children = (
				1CF46FCE273A781300945374 /* CustomCell */,
				1CF46FCD273A781300945374 /* Products */,
				B03792007E28965F60AE2F97 /* Pods */,
				2159BD10AC291D09B5B8F025 /* Frameworks */,
			);
			sourceTree = "<group>";
		};
		1CF46FCD273A781300945374 /* Products */ = {
			isa = PBXGroup;
			children = (
				1CF46FCC273A781300945374 /* CustomCell.app */,
			);
			name = Products;
			sourceTree = "<group>";
		};
		1CF46FCE273A781300945374 /* CustomCell */ = {
			isa = PBXGroup;
			children = (
				1C0D7C36274672AE0020163E /* Models */,
				1CDAA1112742ABDE00394D19 /* API */,
				1CDAA10D27429BB600394D19 /* GoogleService-Info.plist */,
				1CDAA101274231C200394D19 /* Resources */,
				1C282535273CFAC9001EE811 /* Custom */,
				1CF46FE7273A815400945374 /* cell */,
				1C0C750F273BD49F005E50E7 /* Controllers */,
				1CF46FD5273A781300945374 /* Main.storyboard */,
				1CF46FD8273A781700945374 /* Assets.xcassets */,
				1CF46FDA273A781700945374 /* LaunchScreen.storyboard */,
				1CF46FDD273A781700945374 /* Info.plist */,
			);
			path = CustomCell;
			sourceTree = "<group>";
		};
		1CF46FE7273A815400945374 /* cell */ = {
			isa = PBXGroup;
			children = (
				1CF46FE5273A815100945374 /* ConversationCell.swift */,
				1CD730A42745689400531CEA /* MessageTableViewCell.swift */,
			);
			path = cell;
			sourceTree = "<group>";
		};
		2159BD10AC291D09B5B8F025 /* Frameworks */ = {
			isa = PBXGroup;
			children = (
				E93C8EEC28FD68B3AC0CDB2C /* Pods_CustomCell.framework */,
			);
			name = Frameworks;
			sourceTree = "<group>";
		};
		B03792007E28965F60AE2F97 /* Pods */ = {
			isa = PBXGroup;
			children = (
				438EE150EC326D5D2BC47353 /* Pods-CustomCell.debug.xcconfig */,
				CB42E6D046140A5DD38F93A3 /* Pods-CustomCell.release.xcconfig */,
			);
			path = Pods;
			sourceTree = "<group>";
		};
/* End PBXGroup section */

/* Begin PBXNativeTarget section */
		1CF46FCB273A781300945374 /* CustomCell */ = {
			isa = PBXNativeTarget;
			buildConfigurationList = 1CF46FE0273A781700945374 /* Build configuration list for PBXNativeTarget "CustomCell" */;
			buildPhases = (
				03F783892E7CCF0522AA85DA /* [CP] Check Pods Manifest.lock */,
				1CF46FC8273A781300945374 /* Sources */,
				1CF46FC9273A781300945374 /* Frameworks */,
				1CF46FCA273A781300945374 /* Resources */,
				402436487AA007D01D1C344A /* [CP] Embed Pods Frameworks */,
			);
			buildRules = (
			);
			dependencies = (
			);
			name = CustomCell;
			productName = CustomCell;
			productReference = 1CF46FCC273A781300945374 /* CustomCell.app */;
			productType = "com.apple.product-type.application";
		};
/* End PBXNativeTarget section */

/* Begin PBXProject section */
		1CF46FC4273A781300945374 /* Project object */ = {
			isa = PBXProject;
			attributes = {
				BuildIndependentTargetsInParallel = 1;
				LastSwiftUpdateCheck = 1310;
				LastUpgradeCheck = 1310;
				TargetAttributes = {
					1CF46FCB273A781300945374 = {
						CreatedOnToolsVersion = 13.1;
					};
				};
			};
			buildConfigurationList = 1CF46FC7273A781300945374 /* Build configuration list for PBXProject "CustomCell" */;
			compatibilityVersion = "Xcode 13.0";
			developmentRegion = en;
			hasScannedForEncodings = 0;
			knownRegions = (
				en,
				Base,
			);
			mainGroup = 1CF46FC3273A781300945374;
			productRefGroup = 1CF46FCD273A781300945374 /* Products */;
			projectDirPath = "";
			projectRoot = "";
			targets = (
				1CF46FCB273A781300945374 /* CustomCell */,
			);
		};
/* End PBXProject section */

/* Begin PBXResourcesBuildPhase section */
		1CF46FCA273A781300945374 /* Resources */ = {
			isa = PBXResourcesBuildPhase;
			buildActionMask = 2147483647;
			files = (
				1CF46FDC273A781700945374 /* LaunchScreen.storyboard in Resources */,
				1CDAA10E27429BB600394D19 /* GoogleService-Info.plist in Resources */,
				1CF46FD9273A781700945374 /* Assets.xcassets in Resources */,
				1CF46FD7273A781300945374 /* Main.storyboard in Resources */,
			);
			runOnlyForDeploymentPostprocessing = 0;
		};
/* End PBXResourcesBuildPhase section */

/* Begin PBXShellScriptBuildPhase section */
		03F783892E7CCF0522AA85DA /* [CP] Check Pods Manifest.lock */ = {
			isa = PBXShellScriptBuildPhase;
			buildActionMask = 2147483647;
			files = (
			);
			inputFileListPaths = (
			);
			inputPaths = (
				"${PODS_PODFILE_DIR_PATH}/Podfile.lock",
				"${PODS_ROOT}/Manifest.lock",
			);
			name = "[CP] Check Pods Manifest.lock";
			outputFileListPaths = (
			);
			outputPaths = (
				"$(DERIVED_FILE_DIR)/Pods-CustomCell-checkManifestLockResult.txt",
			);
			runOnlyForDeploymentPostprocessing = 0;
			shellPath = /bin/sh;
			shellScript = "diff \"${PODS_PODFILE_DIR_PATH}/Podfile.lock\" \"${PODS_ROOT}/Manifest.lock\" > /dev/null\nif [ $? != 0 ] ; then\n    # print error to STDERR\n    echo \"error: The sandbox is not in sync with the Podfile.lock. Run 'pod install' or update your CocoaPods installation.\" >&2\n    exit 1\nfi\n# This output is used by Xcode 'outputs' to avoid re-running this script phase.\necho \"SUCCESS\" > \"${SCRIPT_OUTPUT_FILE_0}\"\n";
			showEnvVarsInLog = 0;
		};
		402436487AA007D01D1C344A /* [CP] Embed Pods Frameworks */ = {
			isa = PBXShellScriptBuildPhase;
			buildActionMask = 2147483647;
			files = (
			);
			inputFileListPaths = (
				"${PODS_ROOT}/Target Support Files/Pods-CustomCell/Pods-CustomCell-frameworks-${CONFIGURATION}-input-files.xcfilelist",
			);
			name = "[CP] Embed Pods Frameworks";
			outputFileListPaths = (
				"${PODS_ROOT}/Target Support Files/Pods-CustomCell/Pods-CustomCell-frameworks-${CONFIGURATION}-output-files.xcfilelist",
			);
			runOnlyForDeploymentPostprocessing = 0;
			shellPath = /bin/sh;
			shellScript = "\"${PODS_ROOT}/Target Support Files/Pods-CustomCell/Pods-CustomCell-frameworks.sh\"\n";
			showEnvVarsInLog = 0;
		};
/* End PBXShellScriptBuildPhase section */

/* Begin PBXSourcesBuildPhase section */
		1CF46FC8273A781300945374 /* Sources */ = {
			isa = PBXSourcesBuildPhase;
			buildActionMask = 2147483647;
			files = (
				1C0198892743957E00F5C603 /* NetworkManager.swift in Sources */,
				1C282534273CD930001EE811 /* CustomTextfield.swift in Sources */,
				1C0C750C273BC9E1005E50E7 /* LoginViewController.swift in Sources */,
				1C282537273D387B001EE811 /* CustomLabel.swift in Sources */,
				1CDAA10727425C6B00394D19 /* NewConversationViewController.swift in Sources */,
				1CCA4CE5274B578C00B2C4DD /* Protocols.swift in Sources */,
				1CDAA10527425C4800394D19 /* VideoPlayerViewController.swift in Sources */,
				1CF46FE4273A785600945374 /* ConversationsViewController.swift in Sources */,
				1C01988B27440B9700F5C603 /* StorageManager.swift in Sources */,
				1CDAA10927425C7B00394D19 /* ProfileViewController.swift in Sources */,
				1C0C750E273BCF41005E50E7 /* RegistrationViewController.swift in Sources */,
				1C282532273CD91A001EE811 /* InputContainerView.swift in Sources */,
				1CDAA1032742320200394D19 /* Constants.swift in Sources */,
				1CF46FD4273A781300945374 /* PhotoViewerViewController.swift in Sources */,
				1CFB61612747540D00BCC7CD /* ChatMessage.swift in Sources */,
				1CD730A12744E29900531CEA /* MessageViewController.swift in Sources */,
				1CD730A52745689400531CEA /* MessageTableViewCell.swift in Sources */,
				1CF46FD0273A781300945374 /* AppDelegate.swift in Sources */,
				1CFB6164274A978E00BCC7CD /* Chats.swift in Sources */,
				1CD11C572755E5DA00CA49F5 /* CutomInputAccessoryView.swift in Sources */,
				1C0D7C35274672A70020163E /* ChatAppUser.swift in Sources */,
				1CDAA1002742183000394D19 /* Extension.swift in Sources */,
				1CF46FD2273A781300945374 /* SceneDelegate.swift in Sources */,
				1CF46FE6273A815100945374 /* ConversationCell.swift in Sources */,
			);
			runOnlyForDeploymentPostprocessing = 0;
		};
/* End PBXSourcesBuildPhase section */

/* Begin PBXVariantGroup section */
		1CF46FD5273A781300945374 /* Main.storyboard */ = {
			isa = PBXVariantGroup;
			children = (
				1CF46FD6273A781300945374 /* Base */,
			);
			name = Main.storyboard;
			sourceTree = "<group>";
		};
		1CF46FDA273A781700945374 /* LaunchScreen.storyboard */ = {
			isa = PBXVariantGroup;
			children = (
				1CF46FDB273A781700945374 /* Base */,
			);
			name = LaunchScreen.storyboard;
			sourceTree = "<group>";
		};
/* End PBXVariantGroup section */

/* Begin XCBuildConfiguration section */
		1CF46FDE273A781700945374 /* Debug */ = {
			isa = XCBuildConfiguration;
			buildSettings = {
				ALWAYS_SEARCH_USER_PATHS = NO;
				CLANG_ANALYZER_NONNULL = YES;
				CLANG_ANALYZER_NUMBER_OBJECT_CONVERSION = YES_AGGRESSIVE;
				CLANG_CXX_LANGUAGE_STANDARD = "gnu++17";
				CLANG_CXX_LIBRARY = "libc++";
				CLANG_ENABLE_MODULES = YES;
				CLANG_ENABLE_OBJC_ARC = YES;
				CLANG_ENABLE_OBJC_WEAK = YES;
				CLANG_WARN_BLOCK_CAPTURE_AUTORELEASING = YES;
				CLANG_WARN_BOOL_CONVERSION = YES;
				CLANG_WARN_COMMA = YES;
				CLANG_WARN_CONSTANT_CONVERSION = YES;
				CLANG_WARN_DEPRECATED_OBJC_IMPLEMENTATIONS = YES;
				CLANG_WARN_DIRECT_OBJC_ISA_USAGE = YES_ERROR;
				CLANG_WARN_DOCUMENTATION_COMMENTS = YES;
				CLANG_WARN_EMPTY_BODY = YES;
				CLANG_WARN_ENUM_CONVERSION = YES;
				CLANG_WARN_INFINITE_RECURSION = YES;
				CLANG_WARN_INT_CONVERSION = YES;
				CLANG_WARN_NON_LITERAL_NULL_CONVERSION = YES;
				CLANG_WARN_OBJC_IMPLICIT_RETAIN_SELF = YES;
				CLANG_WARN_OBJC_LITERAL_CONVERSION = YES;
				CLANG_WARN_OBJC_ROOT_CLASS = YES_ERROR;
				CLANG_WARN_QUOTED_INCLUDE_IN_FRAMEWORK_HEADER = YES;
				CLANG_WARN_RANGE_LOOP_ANALYSIS = YES;
				CLANG_WARN_STRICT_PROTOTYPES = YES;
				CLANG_WARN_SUSPICIOUS_MOVE = YES;
				CLANG_WARN_UNGUARDED_AVAILABILITY = YES_AGGRESSIVE;
				CLANG_WARN_UNREACHABLE_CODE = YES;
				CLANG_WARN__DUPLICATE_METHOD_MATCH = YES;
				COPY_PHASE_STRIP = NO;
				DEBUG_INFORMATION_FORMAT = dwarf;
				ENABLE_STRICT_OBJC_MSGSEND = YES;
				ENABLE_TESTABILITY = YES;
				GCC_C_LANGUAGE_STANDARD = gnu11;
				GCC_DYNAMIC_NO_PIC = NO;
				GCC_NO_COMMON_BLOCKS = YES;
				GCC_OPTIMIZATION_LEVEL = 0;
				GCC_PREPROCESSOR_DEFINITIONS = (
					"DEBUG=1",
					"$(inherited)",
				);
				GCC_WARN_64_TO_32_BIT_CONVERSION = YES;
				GCC_WARN_ABOUT_RETURN_TYPE = YES_ERROR;
				GCC_WARN_UNDECLARED_SELECTOR = YES;
				GCC_WARN_UNINITIALIZED_AUTOS = YES_AGGRESSIVE;
				GCC_WARN_UNUSED_FUNCTION = YES;
				GCC_WARN_UNUSED_VARIABLE = YES;
				IPHONEOS_DEPLOYMENT_TARGET = 15.0;
				MTL_ENABLE_DEBUG_INFO = INCLUDE_SOURCE;
				MTL_FAST_MATH = YES;
				ONLY_ACTIVE_ARCH = YES;
				SDKROOT = iphoneos;
				SWIFT_ACTIVE_COMPILATION_CONDITIONS = DEBUG;
				SWIFT_OPTIMIZATION_LEVEL = "-Onone";
			};
			name = Debug;
		};
		1CF46FDF273A781700945374 /* Release */ = {
			isa = XCBuildConfiguration;
			buildSettings = {
				ALWAYS_SEARCH_USER_PATHS = NO;
				CLANG_ANALYZER_NONNULL = YES;
				CLANG_ANALYZER_NUMBER_OBJECT_CONVERSION = YES_AGGRESSIVE;
				CLANG_CXX_LANGUAGE_STANDARD = "gnu++17";
				CLANG_CXX_LIBRARY = "libc++";
				CLANG_ENABLE_MODULES = YES;
				CLANG_ENABLE_OBJC_ARC = YES;
				CLANG_ENABLE_OBJC_WEAK = YES;
				CLANG_WARN_BLOCK_CAPTURE_AUTORELEASING = YES;
				CLANG_WARN_BOOL_CONVERSION = YES;
				CLANG_WARN_COMMA = YES;
				CLANG_WARN_CONSTANT_CONVERSION = YES;
				CLANG_WARN_DEPRECATED_OBJC_IMPLEMENTATIONS = YES;
				CLANG_WARN_DIRECT_OBJC_ISA_USAGE = YES_ERROR;
				CLANG_WARN_DOCUMENTATION_COMMENTS = YES;
				CLANG_WARN_EMPTY_BODY = YES;
				CLANG_WARN_ENUM_CONVERSION = YES;
				CLANG_WARN_INFINITE_RECURSION = YES;
				CLANG_WARN_INT_CONVERSION = YES;
				CLANG_WARN_NON_LITERAL_NULL_CONVERSION = YES;
				CLANG_WARN_OBJC_IMPLICIT_RETAIN_SELF = YES;
				CLANG_WARN_OBJC_LITERAL_CONVERSION = YES;
				CLANG_WARN_OBJC_ROOT_CLASS = YES_ERROR;
				CLANG_WARN_QUOTED_INCLUDE_IN_FRAMEWORK_HEADER = YES;
				CLANG_WARN_RANGE_LOOP_ANALYSIS = YES;
				CLANG_WARN_STRICT_PROTOTYPES = YES;
				CLANG_WARN_SUSPICIOUS_MOVE = YES;
				CLANG_WARN_UNGUARDED_AVAILABILITY = YES_AGGRESSIVE;
				CLANG_WARN_UNREACHABLE_CODE = YES;
				CLANG_WARN__DUPLICATE_METHOD_MATCH = YES;
				COPY_PHASE_STRIP = NO;
				DEBUG_INFORMATION_FORMAT = "dwarf-with-dsym";
				ENABLE_NS_ASSERTIONS = NO;
				ENABLE_STRICT_OBJC_MSGSEND = YES;
				GCC_C_LANGUAGE_STANDARD = gnu11;
				GCC_NO_COMMON_BLOCKS = YES;
				GCC_WARN_64_TO_32_BIT_CONVERSION = YES;
				GCC_WARN_ABOUT_RETURN_TYPE = YES_ERROR;
				GCC_WARN_UNDECLARED_SELECTOR = YES;
				GCC_WARN_UNINITIALIZED_AUTOS = YES_AGGRESSIVE;
				GCC_WARN_UNUSED_FUNCTION = YES;
				GCC_WARN_UNUSED_VARIABLE = YES;
				IPHONEOS_DEPLOYMENT_TARGET = 15.0;
				MTL_ENABLE_DEBUG_INFO = NO;
				MTL_FAST_MATH = YES;
				SDKROOT = iphoneos;
				SWIFT_COMPILATION_MODE = wholemodule;
				SWIFT_OPTIMIZATION_LEVEL = "-O";
				VALIDATE_PRODUCT = YES;
			};
			name = Release;
		};
		1CF46FE1273A781700945374 /* Debug */ = {
			isa = XCBuildConfiguration;
			baseConfigurationReference = 438EE150EC326D5D2BC47353 /* Pods-CustomCell.debug.xcconfig */;
			buildSettings = {
				ASSETCATALOG_COMPILER_APPICON_NAME = AppIcon;
				ASSETCATALOG_COMPILER_GLOBAL_ACCENT_COLOR_NAME = AccentColor;
				CODE_SIGN_STYLE = Automatic;
				CURRENT_PROJECT_VERSION = 1;
				DEVELOPMENT_TEAM = T92R8TU7BG;
				GENERATE_INFOPLIST_FILE = YES;
				INFOPLIST_FILE = CustomCell/Info.plist;
				INFOPLIST_KEY_NSCameraUsageDescription = "Please allow access to take a profile picture";
				INFOPLIST_KEY_NSPhotoLibraryAddUsageDescription = "Please allow access to select a profile picture";
				INFOPLIST_KEY_UIApplicationSupportsIndirectInputEvents = YES;
				INFOPLIST_KEY_UILaunchStoryboardName = LaunchScreen;
				INFOPLIST_KEY_UIMainStoryboardFile = Main;
				INFOPLIST_KEY_UISupportedInterfaceOrientations = UIInterfaceOrientationPortrait;
				INFOPLIST_KEY_UISupportedInterfaceOrientations_iPad = "UIInterfaceOrientationPortrait UIInterfaceOrientationPortraitUpsideDown UIInterfaceOrientationLandscapeLeft UIInterfaceOrientationLandscapeRight";
				INFOPLIST_KEY_UISupportedInterfaceOrientations_iPhone = "UIInterfaceOrientationPortrait UIInterfaceOrientationLandscapeLeft UIInterfaceOrientationLandscapeRight";
				LD_RUNPATH_SEARCH_PATHS = (
					"$(inherited)",
					"@executable_path/Frameworks",
				);
				MARKETING_VERSION = 1.0;
				PRODUCT_BUNDLE_IDENTIFIER = com.anirudha.iostraining.CustomCell;
				PRODUCT_NAME = "$(TARGET_NAME)";
				SWIFT_EMIT_LOC_STRINGS = YES;
				SWIFT_VERSION = 5.0;
				TARGETED_DEVICE_FAMILY = "1,2";
			};
			name = Debug;
		};
		1CF46FE2273A781700945374 /* Release */ = {
			isa = XCBuildConfiguration;
			baseConfigurationReference = CB42E6D046140A5DD38F93A3 /* Pods-CustomCell.release.xcconfig */;
			buildSettings = {
				ASSETCATALOG_COMPILER_APPICON_NAME = AppIcon;
				ASSETCATALOG_COMPILER_GLOBAL_ACCENT_COLOR_NAME = AccentColor;
				CODE_SIGN_STYLE = Automatic;
				CURRENT_PROJECT_VERSION = 1;
				DEVELOPMENT_TEAM = T92R8TU7BG;
				GENERATE_INFOPLIST_FILE = YES;
				INFOPLIST_FILE = CustomCell/Info.plist;
				INFOPLIST_KEY_NSCameraUsageDescription = "Please allow access to take a profile picture";
				INFOPLIST_KEY_NSPhotoLibraryAddUsageDescription = "Please allow access to select a profile picture";
				INFOPLIST_KEY_UIApplicationSupportsIndirectInputEvents = YES;
				INFOPLIST_KEY_UILaunchStoryboardName = LaunchScreen;
				INFOPLIST_KEY_UIMainStoryboardFile = Main;
				INFOPLIST_KEY_UISupportedInterfaceOrientations = UIInterfaceOrientationPortrait;
				INFOPLIST_KEY_UISupportedInterfaceOrientations_iPad = "UIInterfaceOrientationPortrait UIInterfaceOrientationPortraitUpsideDown UIInterfaceOrientationLandscapeLeft UIInterfaceOrientationLandscapeRight";
				INFOPLIST_KEY_UISupportedInterfaceOrientations_iPhone = "UIInterfaceOrientationPortrait UIInterfaceOrientationLandscapeLeft UIInterfaceOrientationLandscapeRight";
				LD_RUNPATH_SEARCH_PATHS = (
					"$(inherited)",
					"@executable_path/Frameworks",
				);
				MARKETING_VERSION = 1.0;
				PRODUCT_BUNDLE_IDENTIFIER = com.anirudha.iostraining.CustomCell;
				PRODUCT_NAME = "$(TARGET_NAME)";
				SWIFT_EMIT_LOC_STRINGS = YES;
				SWIFT_VERSION = 5.0;
				TARGETED_DEVICE_FAMILY = "1,2";
			};
			name = Release;
		};
/* End XCBuildConfiguration section */

/* Begin XCConfigurationList section */
		1CF46FC7273A781300945374 /* Build configuration list for PBXProject "CustomCell" */ = {
			isa = XCConfigurationList;
			buildConfigurations = (
				1CF46FDE273A781700945374 /* Debug */,
				1CF46FDF273A781700945374 /* Release */,
			);
			defaultConfigurationIsVisible = 0;
			defaultConfigurationName = Release;
		};
		1CF46FE0273A781700945374 /* Build configuration list for PBXNativeTarget "CustomCell" */ = {
			isa = XCConfigurationList;
			buildConfigurations = (
				1CF46FE1273A781700945374 /* Debug */,
				1CF46FE2273A781700945374 /* Release */,
			);
			defaultConfigurationIsVisible = 0;
			defaultConfigurationName = Release;
		};
/* End XCConfigurationList section */
	};
	rootObject = 1CF46FC4273A781300945374 /* Project object */;
}
